
Microsoft Visual Studio Solution File, Format Version 12.00
# Visual Studio Version 17
VisualStudioVersion = 17.13.35931.197 d17.13
MinimumVisualStudioVersion = 10.0.40219.1
Project("{FAE04EC0-301F-11D3-BF4B-00C04F79EFBC}") = "RES", "RES\RES.csproj", "{041A366F-EE9E-4D65-8FC7-167592EA6B5F}"
EndProject
Global
	GlobalSection(SolutionConfigurationPlatforms) = preSolution
		Debug|Any CPU = Debug|Any CPU
		Release|Any CPU = Release|Any CPU
	EndGlobalSection
	GlobalSection(ProjectConfigurationPlatforms) = postSolution
		{041A366F-EE9E-4D65-8FC7-167592EA6B5F}.Debug|Any CPU.ActiveCfg = Debug|Any CPU
		{041A366F-EE9E-4D65-8FC7-167592EA6B5F}.Debug|Any CPU.Build.0 = Debug|Any CPU
		{041A366F-EE9E-4D65-8FC7-167592EA6B5F}.Release|Any CPU.ActiveCfg = Release|Any CPU
		{041A366F-EE9E-4D65-8FC7-167592EA6B5F}.Release|Any CPU.Build.0 = Release|Any CPU
	EndGlobalSection
	GlobalSection(SolutionProperties) = preSolution
		HideSolutionNode = FALSE
	EndGlobalSection
	GlobalSection(ExtensibilityGlobals) = postSolution
		SolutionGuid = {4D2DFED1-2844-4B59-B8CD-C7622ED45B28}
	EndGlobalSection
EndGlobal
